
Microsoft Visual Studio Solution File, Format Version 12.00
# Visual Studio Version 16
VisualStudioVersion = 16.0.32510.428
MinimumVisualStudioVersion = 10.0.40219.1
Project("{8BC9CEB8-8B4A-11D0-8D11-00A0C91BC942}") = "ProjectEuler", "ProjectEuler\ProjectEuler.vcxproj", "{19902059-B377-4739-B17F-DC59A48716AC}"
EndProject
Project("{8BC9CEB8-8B4A-11D0-8D11-00A0C91BC942}") = "problem_1", "problem_1\problem_1.vcxproj", "{ECC260E6-AAC5-427F-82E7-CC839C06C71D}"
EndProject
Project("{8BC9CEB8-8B4A-11D0-8D11-00A0C91BC942}") = "problem_2", "problem_2\problem_2.vcxproj", "{69875C0E-58A1-4FCA-924A-FCD2C675B336}"
EndProject
Project("{8BC9CEB8-8B4A-11D0-8D11-00A0C91BC942}") = "problem_3", "problem_3\problem_3.vcxproj", "{9F27A6D3-3C10-4B56-B6EC-14A0B61701DC}"
EndProject
Project("{8BC9CEB8-8B4A-11D0-8D11-00A0C91BC942}") = "problem_4", "problem_4\problem_4.vcxproj", "{080B63F9-6C99-4811-82E9-4B2945260B7C}"
EndProject
Project("{8BC9CEB8-8B4A-11D0-8D11-00A0C91BC942}") = "problem_5", "problem_5\problem_5.vcxproj", "{DECF5D53-9212-478C-8608-3D1B1106741D}"
EndProject
Project("{8BC9CEB8-8B4A-11D0-8D11-00A0C91BC942}") = "problem_6", "problem_6\problem_6.vcxproj", "{4D022667-4840-45D2-9CDC-FC7C865439BE}"
EndProject
Project("{8BC9CEB8-8B4A-11D0-8D11-00A0C91BC942}") = "problem_7", "problem_7\problem_7.vcxproj", "{00F6FD60-56D3-4E90-BF38-E7C5F640F645}"
EndProject
Project("{8BC9CEB8-8B4A-11D0-8D11-00A0C91BC942}") = "problem_8", "problem_8\problem_8.vcxproj", "{9FC67D2A-B6DB-45FF-B222-72A422C29727}"
EndProject
Project("{8BC9CEB8-8B4A-11D0-8D11-00A0C91BC942}") = "problem_9", "problem_9\problem_9.vcxproj", "{98CCE724-8335-4B5A-9D47-EA54C7746078}"
EndProject
Project("{8BC9CEB8-8B4A-11D0-8D11-00A0C91BC942}") = "problem_10", "problem_10\problem_10.vcxproj", "{7553FBF7-F87D-487A-BD04-2A0272224170}"
EndProject
Project("{8BC9CEB8-8B4A-11D0-8D11-00A0C91BC942}") = "problem_11", "problem_11\problem_11.vcxproj", "{240EDAEA-EE9D-4947-B610-0EA0298495C5}"
EndProject
Project("{8BC9CEB8-8B4A-11D0-8D11-00A0C91BC942}") = "problem_12", "problem_12\problem_12.vcxproj", "{FFAE13A4-24E7-4680-BE7C-90F38C01A6DE}"
EndProject
Project("{8BC9CEB8-8B4A-11D0-8D11-00A0C91BC942}") = "problem_13", "problem_13\problem_13.vcxproj", "{BA912BE0-ABF8-4DA0-BC11-8E0FC78D9818}"
EndProject
Project("{8BC9CEB8-8B4A-11D0-8D11-00A0C91BC942}") = "problem_14", "problem_14\problem_14.vcxproj", "{DC4AC581-929D-4941-A924-32D257CA94BA}"
EndProject
Project("{8BC9CEB8-8B4A-11D0-8D11-00A0C91BC942}") = "problem_15", "problem_15\problem_15.vcxproj", "{C0026F21-15E2-4095-9454-DC98BCDFC5AD}"
EndProject
Project("{8BC9CEB8-8B4A-11D0-8D11-00A0C91BC942}") = "problem_16", "problem_16\problem_16.vcxproj", "{BD145475-C0C0-454C-8ABC-818319A2D6C8}"
EndProject
Project("{8BC9CEB8-8B4A-11D0-8D11-00A0C91BC942}") = "problem_17", "problem_17\problem_17.vcxproj", "{E1CAEEF9-B827-4445-BD9E-68BE480BC271}"
EndProject
Project("{8BC9CEB8-8B4A-11D0-8D11-00A0C91BC942}") = "problem_18", "problem_18\problem_18.vcxproj", "{6C2FF427-8045-4EE9-BEEC-2CD392489F5E}"
EndProject
Project("{8BC9CEB8-8B4A-11D0-8D11-00A0C91BC942}") = "problem_20", "problem_20\problem_20.vcxproj", "{A85C1F73-6DFB-449E-B0F9-D0CF311C8EE7}"
EndProject
Project("{8BC9CEB8-8B4A-11D0-8D11-00A0C91BC942}") = "problem_21", "problem_21\problem_21.vcxproj", "{E93CE75B-AA04-43EF-B07D-E5E3D3430D22}"
EndProject
Project("{8BC9CEB8-8B4A-11D0-8D11-00A0C91BC942}") = "problem_25", "problem_25\problem_25.vcxproj", "{DF1A9A28-3F75-4612-8D84-8BA6B460104B}"
EndProject
Project("{8BC9CEB8-8B4A-11D0-8D11-00A0C91BC942}") = "BlackBoard", "BlackBoard\BlackBoard.vcxproj", "{51793C6F-191F-4385-B76A-A5A50E551DA5}"
EndProject
Project("{2150E333-8FDC-42A3-9474-1A3956D46DE8}") = "Solution Items", "Solution Items", "{97FAB758-6F8E-454D-AD32-1357D7E70A7D}"
EndProject
Global
	GlobalSection(SolutionConfigurationPlatforms) = preSolution
		Debug|x64 = Debug|x64
		Debug|x86 = Debug|x86
		Release|x64 = Release|x64
		Release|x86 = Release|x86
	EndGlobalSection
	GlobalSection(ProjectConfigurationPlatforms) = postSolution
		{19902059-B377-4739-B17F-DC59A48716AC}.Debug|x64.ActiveCfg = Debug|x64
		{19902059-B377-4739-B17F-DC59A48716AC}.Debug|x64.Build.0 = Debug|x64
		{19902059-B377-4739-B17F-DC59A48716AC}.Debug|x86.ActiveCfg = Debug|Win32
		{19902059-B377-4739-B17F-DC59A48716AC}.Debug|x86.Build.0 = Debug|Win32
		{19902059-B377-4739-B17F-DC59A48716AC}.Release|x64.ActiveCfg = Release|x64
		{19902059-B377-4739-B17F-DC59A48716AC}.Release|x64.Build.0 = Release|x64
		{19902059-B377-4739-B17F-DC59A48716AC}.Release|x86.ActiveCfg = Release|Win32
		{19902059-B377-4739-B17F-DC59A48716AC}.Release|x86.Build.0 = Release|Win32
		{ECC260E6-AAC5-427F-82E7-CC839C06C71D}.Debug|x64.ActiveCfg = Debug|x64
		{ECC260E6-AAC5-427F-82E7-CC839C06C71D}.Debug|x64.Build.0 = Debug|x64
		{ECC260E6-AAC5-427F-82E7-CC839C06C71D}.Debug|x86.ActiveCfg = Debug|Win32
		{ECC260E6-AAC5-427F-82E7-CC839C06C71D}.Debug|x86.Build.0 = Debug|Win32
		{ECC260E6-AAC5-427F-82E7-CC839C06C71D}.Release|x64.ActiveCfg = Release|x64
		{ECC260E6-AAC5-427F-82E7-CC839C06C71D}.Release|x64.Build.0 = Release|x64
		{ECC260E6-AAC5-427F-82E7-CC839C06C71D}.Release|x86.ActiveCfg = Release|Win32
		{ECC260E6-AAC5-427F-82E7-CC839C06C71D}.Release|x86.Build.0 = Release|Win32
		{69875C0E-58A1-4FCA-924A-FCD2C675B336}.Debug|x64.ActiveCfg = Debug|x64
		{69875C0E-58A1-4FCA-924A-FCD2C675B336}.Debug|x64.Build.0 = Debug|x64
		{69875C0E-58A1-4FCA-924A-FCD2C675B336}.Debug|x86.ActiveCfg = Debug|Win32
		{69875C0E-58A1-4FCA-924A-FCD2C675B336}.Debug|x86.Build.0 = Debug|Win32
		{69875C0E-58A1-4FCA-924A-FCD2C675B336}.Release|x64.ActiveCfg = Release|x64
		{69875C0E-58A1-4FCA-924A-FCD2C675B336}.Release|x64.Build.0 = Release|x64
		{69875C0E-58A1-4FCA-924A-FCD2C675B336}.Release|x86.ActiveCfg = Release|Win32
		{69875C0E-58A1-4FCA-924A-FCD2C675B336}.Release|x86.Build.0 = Release|Win32
		{9F27A6D3-3C10-4B56-B6EC-14A0B61701DC}.Debug|x64.ActiveCfg = Debug|x64
		{9F27A6D3-3C10-4B56-B6EC-14A0B61701DC}.Debug|x64.Build.0 = Debug|x64
		{9F27A6D3-3C10-4B56-B6EC-14A0B61701DC}.Debug|x86.ActiveCfg = Debug|Win32
		{9F27A6D3-3C10-4B56-B6EC-14A0B61701DC}.Debug|x86.Build.0 = Debug|Win32
		{9F27A6D3-3C10-4B56-B6EC-14A0B61701DC}.Release|x64.ActiveCfg = Release|x64
		{9F27A6D3-3C10-4B56-B6EC-14A0B61701DC}.Release|x64.Build.0 = Release|x64
		{9F27A6D3-3C10-4B56-B6EC-14A0B61701DC}.Release|x86.ActiveCfg = Release|Win32
		{9F27A6D3-3C10-4B56-B6EC-14A0B61701DC}.Release|x86.Build.0 = Release|Win32
		{080B63F9-6C99-4811-82E9-4B2945260B7C}.Debug|x64.ActiveCfg = Debug|x64
		{080B63F9-6C99-4811-82E9-4B2945260B7C}.Debug|x64.Build.0 = Debug|x64
		{080B63F9-6C99-4811-82E9-4B2945260B7C}.Debug|x86.ActiveCfg = Debug|Win32
		{080B63F9-6C99-4811-82E9-4B2945260B7C}.Debug|x86.Build.0 = Debug|Win32
		{080B63F9-6C99-4811-82E9-4B2945260B7C}.Release|x64.ActiveCfg = Release|x64
		{080B63F9-6C99-4811-82E9-4B2945260B7C}.Release|x64.Build.0 = Release|x64
		{080B63F9-6C99-4811-82E9-4B2945260B7C}.Release|x86.ActiveCfg = Release|Win32
		{080B63F9-6C99-4811-82E9-4B2945260B7C}.Release|x86.Build.0 = Release|Win32
		{DECF5D53-9212-478C-8608-3D1B1106741D}.Debug|x64.ActiveCfg = Debug|x64
		{DECF5D53-9212-478C-8608-3D1B1106741D}.Debug|x64.Build.0 = Debug|x64
		{DECF5D53-9212-478C-8608-3D1B1106741D}.Debug|x86.ActiveCfg = Debug|Win32
		{DECF5D53-9212-478C-8608-3D1B1106741D}.Debug|x86.Build.0 = Debug|Win32
		{DECF5D53-9212-478C-8608-3D1B1106741D}.Release|x64.ActiveCfg = Release|x64
		{DECF5D53-9212-478C-8608-3D1B1106741D}.Release|x64.Build.0 = Release|x64
		{DECF5D53-9212-478C-8608-3D1B1106741D}.Release|x86.ActiveCfg = Release|Win32
		{DECF5D53-9212-478C-8608-3D1B1106741D}.Release|x86.Build.0 = Release|Win32
		{4D022667-4840-45D2-9CDC-FC7C865439BE}.Debug|x64.ActiveCfg = Debug|x64
		{4D022667-4840-45D2-9CDC-FC7C865439BE}.Debug|x64.Build.0 = Debug|x64
		{4D022667-4840-45D2-9CDC-FC7C865439BE}.Debug|x86.ActiveCfg = Debug|Win32
		{4D022667-4840-45D2-9CDC-FC7C865439BE}.Debug|x86.Build.0 = Debug|Win32
		{4D022667-4840-45D2-9CDC-FC7C865439BE}.Release|x64.ActiveCfg = Release|x64
		{4D022667-4840-45D2-9CDC-FC7C865439BE}.Release|x64.Build.0 = Release|x64
		{4D022667-4840-45D2-9CDC-FC7C865439BE}.Release|x86.ActiveCfg = Release|Win32
		{4D022667-4840-45D2-9CDC-FC7C865439BE}.Release|x86.Build.0 = Release|Win32
		{00F6FD60-56D3-4E90-BF38-E7C5F640F645}.Debug|x64.ActiveCfg = Debug|x64
		{00F6FD60-56D3-4E90-BF38-E7C5F640F645}.Debug|x64.Build.0 = Debug|x64
		{00F6FD60-56D3-4E90-BF38-E7C5F640F645}.Debug|x86.ActiveCfg = Debug|Win32
		{00F6FD60-56D3-4E90-BF38-E7C5F640F645}.Debug|x86.Build.0 = Debug|Win32
		{00F6FD60-56D3-4E90-BF38-E7C5F640F645}.Release|x64.ActiveCfg = Release|x64
		{00F6FD60-56D3-4E90-BF38-E7C5F640F645}.Release|x64.Build.0 = Release|x64
		{00F6FD60-56D3-4E90-BF38-E7C5F640F645}.Release|x86.ActiveCfg = Release|Win32
		{00F6FD60-56D3-4E90-BF38-E7C5F640F645}.Release|x86.Build.0 = Release|Win32
		{9FC67D2A-B6DB-45FF-B222-72A422C29727}.Debug|x64.ActiveCfg = Debug|x64
		{9FC67D2A-B6DB-45FF-B222-72A422C29727}.Debug|x64.Build.0 = Debug|x64
		{9FC67D2A-B6DB-45FF-B222-72A422C29727}.Debug|x86.ActiveCfg = Debug|Win32
		{9FC67D2A-B6DB-45FF-B222-72A422C29727}.Debug|x86.Build.0 = Debug|Win32
		{9FC67D2A-B6DB-45FF-B222-72A422C29727}.Release|x64.ActiveCfg = Release|x64
		{9FC67D2A-B6DB-45FF-B222-72A422C29727}.Release|x64.Build.0 = Release|x64
		{9FC67D2A-B6DB-45FF-B222-72A422C29727}.Release|x86.ActiveCfg = Release|Win32
		{9FC67D2A-B6DB-45FF-B222-72A422C29727}.Release|x86.Build.0 = Release|Win32
		{98CCE724-8335-4B5A-9D47-EA54C7746078}.Debug|x64.ActiveCfg = Debug|x64
		{98CCE724-8335-4B5A-9D47-EA54C7746078}.Debug|x64.Build.0 = Debug|x64
		{98CCE724-8335-4B5A-9D47-EA54C7746078}.Debug|x86.ActiveCfg = Debug|Win32
		{98CCE724-8335-4B5A-9D47-EA54C7746078}.Debug|x86.Build.0 = Debug|Win32
		{98CCE724-8335-4B5A-9D47-EA54C7746078}.Release|x64.ActiveCfg = Release|x64
		{98CCE724-8335-4B5A-9D47-EA54C7746078}.Release|x64.Build.0 = Release|x64
		{98CCE724-8335-4B5A-9D47-EA54C7746078}.Release|x86.ActiveCfg = Release|Win32
		{98CCE724-8335-4B5A-9D47-EA54C7746078}.Release|x86.Build.0 = Release|Win32
		{7553FBF7-F87D-487A-BD04-2A0272224170}.Debug|x64.ActiveCfg = Debug|x64
		{7553FBF7-F87D-487A-BD04-2A0272224170}.Debug|x64.Build.0 = Debug|x64
		{7553FBF7-F87D-487A-BD04-2A0272224170}.Debug|x86.ActiveCfg = Debug|Win32
		{7553FBF7-F87D-487A-BD04-2A0272224170}.Debug|x86.Build.0 = Debug|Win32
		{7553FBF7-F87D-487A-BD04-2A0272224170}.Release|x64.ActiveCfg = Release|x64
		{7553FBF7-F87D-487A-BD04-2A0272224170}.Release|x64.Build.0 = Release|x64
		{7553FBF7-F87D-487A-BD04-2A0272224170}.Release|x86.ActiveCfg = Release|Win32
		{7553FBF7-F87D-487A-BD04-2A0272224170}.Release|x86.Build.0 = Release|Win32
		{240EDAEA-EE9D-4947-B610-0EA0298495C5}.Debug|x64.ActiveCfg = Debug|x64
		{240EDAEA-EE9D-4947-B610-0EA0298495C5}.Debug|x64.Build.0 = Debug|x64
		{240EDAEA-EE9D-4947-B610-0EA0298495C5}.Debug|x86.ActiveCfg = Debug|Win32
		{240EDAEA-EE9D-4947-B610-0EA0298495C5}.Debug|x86.Build.0 = Debug|Win32
		{240EDAEA-EE9D-4947-B610-0EA0298495C5}.Release|x64.ActiveCfg = Release|x64
		{240EDAEA-EE9D-4947-B610-0EA0298495C5}.Release|x64.Build.0 = Release|x64
		{240EDAEA-EE9D-4947-B610-0EA0298495C5}.Release|x86.ActiveCfg = Release|Win32
		{240EDAEA-EE9D-4947-B610-0EA0298495C5}.Release|x86.Build.0 = Release|Win32
		{FFAE13A4-24E7-4680-BE7C-90F38C01A6DE}.Debug|x64.ActiveCfg = Debug|x64
		{FFAE13A4-24E7-4680-BE7C-90F38C01A6DE}.Debug|x64.Build.0 = Debug|x64
		{FFAE13A4-24E7-4680-BE7C-90F38C01A6DE}.Debug|x86.ActiveCfg = Debug|Win32
		{FFAE13A4-24E7-4680-BE7C-90F38C01A6DE}.Debug|x86.Build.0 = Debug|Win32
		{FFAE13A4-24E7-4680-BE7C-90F38C01A6DE}.Release|x64.ActiveCfg = Release|x64
		{FFAE13A4-24E7-4680-BE7C-90F38C01A6DE}.Release|x64.Build.0 = Release|x64
		{FFAE13A4-24E7-4680-BE7C-90F38C01A6DE}.Release|x86.ActiveCfg = Release|Win32
		{FFAE13A4-24E7-4680-BE7C-90F38C01A6DE}.Release|x86.Build.0 = Release|Win32
		{BA912BE0-ABF8-4DA0-BC11-8E0FC78D9818}.Debug|x64.ActiveCfg = Debug|x64
		{BA912BE0-ABF8-4DA0-BC11-8E0FC78D9818}.Debug|x64.Build.0 = Debug|x64
		{BA912BE0-ABF8-4DA0-BC11-8E0FC78D9818}.Debug|x86.ActiveCfg = Debug|Win32
		{BA912BE0-ABF8-4DA0-BC11-8E0FC78D9818}.Debug|x86.Build.0 = Debug|Win32
		{BA912BE0-ABF8-4DA0-BC11-8E0FC78D9818}.Release|x64.ActiveCfg = Release|x64
		{BA912BE0-ABF8-4DA0-BC11-8E0FC78D9818}.Release|x64.Build.0 = Release|x64
		{BA912BE0-ABF8-4DA0-BC11-8E0FC78D9818}.Release|x86.ActiveCfg = Release|Win32
		{BA912BE0-ABF8-4DA0-BC11-8E0FC78D9818}.Release|x86.Build.0 = Release|Win32
		{DC4AC581-929D-4941-A924-32D257CA94BA}.Debug|x64.ActiveCfg = Debug|x64
		{DC4AC581-929D-4941-A924-32D257CA94BA}.Debug|x64.Build.0 = Debug|x64
		{DC4AC581-929D-4941-A924-32D257CA94BA}.Debug|x86.ActiveCfg = Debug|Win32
		{DC4AC581-929D-4941-A924-32D257CA94BA}.Debug|x86.Build.0 = Debug|Win32
		{DC4AC581-929D-4941-A924-32D257CA94BA}.Release|x64.ActiveCfg = Release|x64
		{DC4AC581-929D-4941-A924-32D257CA94BA}.Release|x64.Build.0 = Release|x64
		{DC4AC581-929D-4941-A924-32D257CA94BA}.Release|x86.ActiveCfg = Release|Win32
		{DC4AC581-929D-4941-A924-32D257CA94BA}.Release|x86.Build.0 = Release|Win32
		{C0026F21-15E2-4095-9454-DC98BCDFC5AD}.Debug|x64.ActiveCfg = Debug|x64
		{C0026F21-15E2-4095-9454-DC98BCDFC5AD}.Debug|x64.Build.0 = Debug|x64
		{C0026F21-15E2-4095-9454-DC98BCDFC5AD}.Debug|x86.ActiveCfg = Debug|Win32
		{C0026F21-15E2-4095-9454-DC98BCDFC5AD}.Debug|x86.Build.0 = Debug|Win32
		{C0026F21-15E2-4095-9454-DC98BCDFC5AD}.Release|x64.ActiveCfg = Release|x64
		{C0026F21-15E2-4095-9454-DC98BCDFC5AD}.Release|x64.Build.0 = Release|x64
		{C0026F21-15E2-4095-9454-DC98BCDFC5AD}.Release|x86.ActiveCfg = Release|Win32
		{C0026F21-15E2-4095-9454-DC98BCDFC5AD}.Release|x86.Build.0 = Release|Win32
		{BD145475-C0C0-454C-8ABC-818319A2D6C8}.Debug|x64.ActiveCfg = Debug|x64
		{BD145475-C0C0-454C-8ABC-818319A2D6C8}.Debug|x64.Build.0 = Debug|x64
		{BD145475-C0C0-454C-8ABC-818319A2D6C8}.Debug|x86.ActiveCfg = Debug|Win32
		{BD145475-C0C0-454C-8ABC-818319A2D6C8}.Debug|x86.Build.0 = Debug|Win32
		{BD145475-C0C0-454C-8ABC-818319A2D6C8}.Release|x64.ActiveCfg = Release|x64
		{BD145475-C0C0-454C-8ABC-818319A2D6C8}.Release|x64.Build.0 = Release|x64
		{BD145475-C0C0-454C-8ABC-818319A2D6C8}.Release|x86.ActiveCfg = Release|Win32
		{BD145475-C0C0-454C-8ABC-818319A2D6C8}.Release|x86.Build.0 = Release|Win32
		{E1CAEEF9-B827-4445-BD9E-68BE480BC271}.Debug|x64.ActiveCfg = Debug|x64
		{E1CAEEF9-B827-4445-BD9E-68BE480BC271}.Debug|x64.Build.0 = Debug|x64
		{E1CAEEF9-B827-4445-BD9E-68BE480BC271}.Debug|x86.ActiveCfg = Debug|Win32
		{E1CAEEF9-B827-4445-BD9E-68BE480BC271}.Debug|x86.Build.0 = Debug|Win32
		{E1CAEEF9-B827-4445-BD9E-68BE480BC271}.Release|x64.ActiveCfg = Release|x64
		{E1CAEEF9-B827-4445-BD9E-68BE480BC271}.Release|x64.Build.0 = Release|x64
		{E1CAEEF9-B827-4445-BD9E-68BE480BC271}.Release|x86.ActiveCfg = Release|Win32
		{E1CAEEF9-B827-4445-BD9E-68BE480BC271}.Release|x86.Build.0 = Release|Win32
		{6C2FF427-8045-4EE9-BEEC-2CD392489F5E}.Debug|x64.ActiveCfg = Debug|x64
		{6C2FF427-8045-4EE9-BEEC-2CD392489F5E}.Debug|x64.Build.0 = Debug|x64
		{6C2FF427-8045-4EE9-BEEC-2CD392489F5E}.Debug|x86.ActiveCfg = Debug|Win32
		{6C2FF427-8045-4EE9-BEEC-2CD392489F5E}.Debug|x86.Build.0 = Debug|Win32
		{6C2FF427-8045-4EE9-BEEC-2CD392489F5E}.Release|x64.ActiveCfg = Release|x64
		{6C2FF427-8045-4EE9-BEEC-2CD392489F5E}.Release|x64.Build.0 = Release|x64
		{6C2FF427-8045-4EE9-BEEC-2CD392489F5E}.Release|x86.ActiveCfg = Release|Win32
		{6C2FF427-8045-4EE9-BEEC-2CD392489F5E}.Release|x86.Build.0 = Release|Win32
		{A85C1F73-6DFB-449E-B0F9-D0CF311C8EE7}.Debug|x64.ActiveCfg = Debug|x64
		{A85C1F73-6DFB-449E-B0F9-D0CF311C8EE7}.Debug|x64.Build.0 = Debug|x64
		{A85C1F73-6DFB-449E-B0F9-D0CF311C8EE7}.Debug|x86.ActiveCfg = Debug|Win32
		{A85C1F73-6DFB-449E-B0F9-D0CF311C8EE7}.Debug|x86.Build.0 = Debug|Win32
		{A85C1F73-6DFB-449E-B0F9-D0CF311C8EE7}.Release|x64.ActiveCfg = Release|x64
		{A85C1F73-6DFB-449E-B0F9-D0CF311C8EE7}.Release|x64.Build.0 = Release|x64
		{A85C1F73-6DFB-449E-B0F9-D0CF311C8EE7}.Release|x86.ActiveCfg = Release|Win32
		{A85C1F73-6DFB-449E-B0F9-D0CF311C8EE7}.Release|x86.Build.0 = Release|Win32
		{E93CE75B-AA04-43EF-B07D-E5E3D3430D22}.Debug|x64.ActiveCfg = Debug|x64
		{E93CE75B-AA04-43EF-B07D-E5E3D3430D22}.Debug|x64.Build.0 = Debug|x64
		{E93CE75B-AA04-43EF-B07D-E5E3D3430D22}.Debug|x86.ActiveCfg = Debug|Win32
		{E93CE75B-AA04-43EF-B07D-E5E3D3430D22}.Debug|x86.Build.0 = Debug|Win32
		{E93CE75B-AA04-43EF-B07D-E5E3D3430D22}.Release|x64.ActiveCfg = Release|x64
		{E93CE75B-AA04-43EF-B07D-E5E3D3430D22}.Release|x64.Build.0 = Release|x64
		{E93CE75B-AA04-43EF-B07D-E5E3D3430D22}.Release|x86.ActiveCfg = Release|Win32
		{E93CE75B-AA04-43EF-B07D-E5E3D3430D22}.Release|x86.Build.0 = Release|Win32
		{DF1A9A28-3F75-4612-8D84-8BA6B460104B}.Debug|x64.ActiveCfg = Debug|x64
		{DF1A9A28-3F75-4612-8D84-8BA6B460104B}.Debug|x64.Build.0 = Debug|x64
		{DF1A9A28-3F75-4612-8D84-8BA6B460104B}.Debug|x86.ActiveCfg = Debug|Win32
		{DF1A9A28-3F75-4612-8D84-8BA6B460104B}.Debug|x86.Build.0 = Debug|Win32
		{DF1A9A28-3F75-4612-8D84-8BA6B460104B}.Release|x64.ActiveCfg = Release|x64
		{DF1A9A28-3F75-4612-8D84-8BA6B460104B}.Release|x64.Build.0 = Release|x64
		{DF1A9A28-3F75-4612-8D84-8BA6B460104B}.Release|x86.ActiveCfg = Release|Win32
		{DF1A9A28-3F75-4612-8D84-8BA6B460104B}.Release|x86.Build.0 = Release|Win32
		{51793C6F-191F-4385-B76A-A5A50E551DA5}.Debug|x64.ActiveCfg = Debug|x64
		{51793C6F-191F-4385-B76A-A5A50E551DA5}.Debug|x64.Build.0 = Debug|x64
		{51793C6F-191F-4385-B76A-A5A50E551DA5}.Debug|x86.ActiveCfg = Debug|Win32
		{51793C6F-191F-4385-B76A-A5A50E551DA5}.Debug|x86.Build.0 = Debug|Win32
		{51793C6F-191F-4385-B76A-A5A50E551DA5}.Release|x64.ActiveCfg = Release|x64
		{51793C6F-191F-4385-B76A-A5A50E551DA5}.Release|x64.Build.0 = Release|x64
		{51793C6F-191F-4385-B76A-A5A50E551DA5}.Release|x86.ActiveCfg = Release|Win32
		{51793C6F-191F-4385-B76A-A5A50E551DA5}.Release|x86.Build.0 = Release|Win32
	EndGlobalSection
	GlobalSection(SolutionProperties) = preSolution
		HideSolutionNode = FALSE
	EndGlobalSection
	GlobalSection(ExtensibilityGlobals) = postSolution
		SolutionGuid = {4DFB0786-2EB2-4306-AFF4-5E3A20EFA1DC}
	EndGlobalSection
EndGlobal
